
Microsoft Visual Studio Solution File, Format Version 12.00
# Visual Studio Version 17
VisualStudioVersion = 17.9.34607.119
MinimumVisualStudioVersion = 10.0.40219.1
Project("{FAE04EC0-301F-11D3-BF4B-00C04F79EFBC}") = "WeatherCoffeeMachineAPI", "WeatherCoffeeMachineAPI\WeatherCoffeeMachineAPI.csproj", "{FEA19A86-11C5-42B7-A6A2-9CC3A4353FDE}"
EndProject
Project("{FAE04EC0-301F-11D3-BF4B-00C04F79EFBC}") = "WeatherCoffeeControllerTests", "WeatherCoffeeControllerTests\WeatherCoffeeControllerTests.csproj", "{5B600763-14A8-4F0B-BEBC-5B2091E4C31D}"
EndProject
Global
	GlobalSection(SolutionConfigurationPlatforms) = preSolution
		Debug|Any CPU = Debug|Any CPU
		Release|Any CPU = Release|Any CPU
	EndGlobalSection
	GlobalSection(ProjectConfigurationPlatforms) = postSolution
		{FEA19A86-11C5-42B7-A6A2-9CC3A4353FDE}.Debug|Any CPU.ActiveCfg = Debug|Any CPU
		{FEA19A86-11C5-42B7-A6A2-9CC3A4353FDE}.Debug|Any CPU.Build.0 = Debug|Any CPU
		{FEA19A86-11C5-42B7-A6A2-9CC3A4353FDE}.Release|Any CPU.ActiveCfg = Release|Any CPU
		{FEA19A86-11C5-42B7-A6A2-9CC3A4353FDE}.Release|Any CPU.Build.0 = Release|Any CPU
		{5B600763-14A8-4F0B-BEBC-5B2091E4C31D}.Debug|Any CPU.ActiveCfg = Debug|Any CPU
		{5B600763-14A8-4F0B-BEBC-5B2091E4C31D}.Debug|Any CPU.Build.0 = Debug|Any CPU
		{5B600763-14A8-4F0B-BEBC-5B2091E4C31D}.Release|Any CPU.ActiveCfg = Release|Any CPU
		{5B600763-14A8-4F0B-BEBC-5B2091E4C31D}.Release|Any CPU.Build.0 = Release|Any CPU
	EndGlobalSection
	GlobalSection(SolutionProperties) = preSolution
		HideSolutionNode = FALSE
	EndGlobalSection
	GlobalSection(ExtensibilityGlobals) = postSolution
		SolutionGuid = {81D5D9C0-3EE6-4105-9B39-DD2D9C955BB5}
	EndGlobalSection
EndGlobal
